// !$*UTF8*$!
{
	archiveVersion = 1;
	classes = {
	};
	objectVersion = 56;
	objects = {

/* Begin PBXBuildFile section */
		E21BEA2E2B0BA54A00E93160 /* AppDelegate.swift in Sources */ = {isa = PBXBuildFile; fileRef = E21BEA2D2B0BA54A00E93160 /* AppDelegate.swift */; };
		E21BEA302B0BA54A00E93160 /* SceneDelegate.swift in Sources */ = {isa = PBXBuildFile; fileRef = E21BEA2F2B0BA54A00E93160 /* SceneDelegate.swift */; };
		E21BEA352B0BA54B00E93160 /* Main.storyboard in Resources */ = {isa = PBXBuildFile; fileRef = E21BEA332B0BA54B00E93160 /* Main.storyboard */; };
		E21BEA372B0BA54F00E93160 /* Assets.xcassets in Resources */ = {isa = PBXBuildFile; fileRef = E21BEA362B0BA54F00E93160 /* Assets.xcassets */; };
		E21BEA3A2B0BA54F00E93160 /* LaunchScreen.storyboard in Resources */ = {isa = PBXBuildFile; fileRef = E21BEA382B0BA54F00E93160 /* LaunchScreen.storyboard */; };
		E21BEA452B0BA55000E93160 /* PhotoramaTests.swift in Sources */ = {isa = PBXBuildFile; fileRef = E21BEA442B0BA55000E93160 /* PhotoramaTests.swift */; };
		E21BEA4F2B0BA55000E93160 /* PhotoramaUITests.swift in Sources */ = {isa = PBXBuildFile; fileRef = E21BEA4E2B0BA55000E93160 /* PhotoramaUITests.swift */; };
		E21BEA512B0BA55000E93160 /* PhotoramaUITestsLaunchTests.swift in Sources */ = {isa = PBXBuildFile; fileRef = E21BEA502B0BA55000E93160 /* PhotoramaUITestsLaunchTests.swift */; };
		E28904342B0C822E00CC59FB /* PhotosViewController.swift in Sources */ = {isa = PBXBuildFile; fileRef = E28904332B0C822E00CC59FB /* PhotosViewController.swift */; };
		E28904362B0C84AA00CC59FB /* FlickrAPI.swift in Sources */ = {isa = PBXBuildFile; fileRef = E28904352B0C84AA00CC59FB /* FlickrAPI.swift */; };
		E28904382B0C8C5100CC59FB /* PhotoStore.swift in Sources */ = {isa = PBXBuildFile; fileRef = E28904372B0C8C5100CC59FB /* PhotoStore.swift */; };
		E289043A2B0C9E4500CC59FB /* Photo.swift in Sources */ = {isa = PBXBuildFile; fileRef = E28904392B0C9E4500CC59FB /* Photo.swift */; };
/* End PBXBuildFile section */

/* Begin PBXContainerItemProxy section */
		E21BEA412B0BA55000E93160 /* PBXContainerItemProxy */ = {
			isa = PBXContainerItemProxy;
			containerPortal = E21BEA222B0BA54A00E93160 /* Project object */;
			proxyType = 1;
			remoteGlobalIDString = E21BEA292B0BA54A00E93160;
			remoteInfo = Photorama;
		};
		E21BEA4B2B0BA55000E93160 /* PBXContainerItemProxy */ = {
			isa = PBXContainerItemProxy;
			containerPortal = E21BEA222B0BA54A00E93160 /* Project object */;
			proxyType = 1;
			remoteGlobalIDString = E21BEA292B0BA54A00E93160;
			remoteInfo = Photorama;
		};
/* End PBXContainerItemProxy section */

/* Begin PBXFileReference section */
		E21BEA2A2B0BA54A00E93160 /* Photorama.app */ = {isa = PBXFileReference; explicitFileType = wrapper.application; includeInIndex = 0; path = Photorama.app; sourceTree = BUILT_PRODUCTS_DIR; };
		E21BEA2D2B0BA54A00E93160 /* AppDelegate.swift */ = {isa = PBXFileReference; lastKnownFileType = sourcecode.swift; path = AppDelegate.swift; sourceTree = "<group>"; };
		E21BEA2F2B0BA54A00E93160 /* SceneDelegate.swift */ = {isa = PBXFileReference; lastKnownFileType = sourcecode.swift; path = SceneDelegate.swift; sourceTree = "<group>"; };
		E21BEA342B0BA54B00E93160 /* Base */ = {isa = PBXFileReference; lastKnownFileType = file.storyboard; name = Base; path = Base.lproj/Main.storyboard; sourceTree = "<group>"; };
		E21BEA362B0BA54F00E93160 /* Assets.xcassets */ = {isa = PBXFileReference; lastKnownFileType = folder.assetcatalog; path = Assets.xcassets; sourceTree = "<group>"; };
		E21BEA392B0BA54F00E93160 /* Base */ = {isa = PBXFileReference; lastKnownFileType = file.storyboard; name = Base; path = Base.lproj/LaunchScreen.storyboard; sourceTree = "<group>"; };
		E21BEA3B2B0BA54F00E93160 /* Info.plist */ = {isa = PBXFileReference; lastKnownFileType = text.plist.xml; path = Info.plist; sourceTree = "<group>"; };
		E21BEA402B0BA55000E93160 /* PhotoramaTests.xctest */ = {isa = PBXFileReference; explicitFileType = wrapper.cfbundle; includeInIndex = 0; path = PhotoramaTests.xctest; sourceTree = BUILT_PRODUCTS_DIR; };
		E21BEA442B0BA55000E93160 /* PhotoramaTests.swift */ = {isa = PBXFileReference; lastKnownFileType = sourcecode.swift; path = PhotoramaTests.swift; sourceTree = "<group>"; };
		E21BEA4A2B0BA55000E93160 /* PhotoramaUITests.xctest */ = {isa = PBXFileReference; explicitFileType = wrapper.cfbundle; includeInIndex = 0; path = PhotoramaUITests.xctest; sourceTree = BUILT_PRODUCTS_DIR; };
		E21BEA4E2B0BA55000E93160 /* PhotoramaUITests.swift */ = {isa = PBXFileReference; lastKnownFileType = sourcecode.swift; path = PhotoramaUITests.swift; sourceTree = "<group>"; };
		E21BEA502B0BA55000E93160 /* PhotoramaUITestsLaunchTests.swift */ = {isa = PBXFileReference; lastKnownFileType = sourcecode.swift; path = PhotoramaUITestsLaunchTests.swift; sourceTree = "<group>"; };
		E28904332B0C822E00CC59FB /* PhotosViewController.swift */ = {isa = PBXFileReference; lastKnownFileType = sourcecode.swift; path = PhotosViewController.swift; sourceTree = "<group>"; };
		E28904352B0C84AA00CC59FB /* FlickrAPI.swift */ = {isa = PBXFileReference; lastKnownFileType = sourcecode.swift; path = FlickrAPI.swift; sourceTree = "<group>"; };
		E28904372B0C8C5100CC59FB /* PhotoStore.swift */ = {isa = PBXFileReference; lastKnownFileType = sourcecode.swift; path = PhotoStore.swift; sourceTree = "<group>"; };
		E28904392B0C9E4500CC59FB /* Photo.swift */ = {isa = PBXFileReference; lastKnownFileType = sourcecode.swift; path = Photo.swift; sourceTree = "<group>"; };
/* End PBXFileReference section */

/* Begin PBXFrameworksBuildPhase section */
		E21BEA272B0BA54A00E93160 /* Frameworks */ = {
			isa = PBXFrameworksBuildPhase;
			buildActionMask = 2147483647;
			files = (
			);
			runOnlyForDeploymentPostprocessing = 0;
		};
		E21BEA3D2B0BA55000E93160 /* Frameworks */ = {
			isa = PBXFrameworksBuildPhase;
			buildActionMask = 2147483647;
			files = (
			);
			runOnlyForDeploymentPostprocessing = 0;
		};
		E21BEA472B0BA55000E93160 /* Frameworks */ = {
			isa = PBXFrameworksBuildPhase;
			buildActionMask = 2147483647;
			files = (
			);
			runOnlyForDeploymentPostprocessing = 0;
		};
/* End PBXFrameworksBuildPhase section */

/* Begin PBXGroup section */
		E21BEA212B0BA54A00E93160 = {
			isa = PBXGroup;
			children = (
				E21BEA2C2B0BA54A00E93160 /* Photorama */,
				E21BEA432B0BA55000E93160 /* PhotoramaTests */,
				E21BEA4D2B0BA55000E93160 /* PhotoramaUITests */,
				E21BEA2B2B0BA54A00E93160 /* Products */,
			);
			sourceTree = "<group>";
		};
		E21BEA2B2B0BA54A00E93160 /* Products */ = {
			isa = PBXGroup;
			children = (
				E21BEA2A2B0BA54A00E93160 /* Photorama.app */,
				E21BEA402B0BA55000E93160 /* PhotoramaTests.xctest */,
				E21BEA4A2B0BA55000E93160 /* PhotoramaUITests.xctest */,
			);
			name = Products;
			sourceTree = "<group>";
		};
		E21BEA2C2B0BA54A00E93160 /* Photorama */ = {
			isa = PBXGroup;
			children = (
				E21BEA2D2B0BA54A00E93160 /* AppDelegate.swift */,
				E21BEA2F2B0BA54A00E93160 /* SceneDelegate.swift */,
				E21BEA332B0BA54B00E93160 /* Main.storyboard */,
				E21BEA362B0BA54F00E93160 /* Assets.xcassets */,
				E21BEA382B0BA54F00E93160 /* LaunchScreen.storyboard */,
				E21BEA3B2B0BA54F00E93160 /* Info.plist */,
				E28904332B0C822E00CC59FB /* PhotosViewController.swift */,
				E28904352B0C84AA00CC59FB /* FlickrAPI.swift */,
				E28904372B0C8C5100CC59FB /* PhotoStore.swift */,
				E28904392B0C9E4500CC59FB /* Photo.swift */,
			);
			path = Photorama;
			sourceTree = "<group>";
		};
		E21BEA432B0BA55000E93160 /* PhotoramaTests */ = {
			isa = PBXGroup;
			children = (
				E21BEA442B0BA55000E93160 /* PhotoramaTests.swift */,
			);
			path = PhotoramaTests;
			sourceTree = "<group>";
		};
		E21BEA4D2B0BA55000E93160 /* PhotoramaUITests */ = {
			isa = PBXGroup;
			children = (
				E21BEA4E2B0BA55000E93160 /* PhotoramaUITests.swift */,
				E21BEA502B0BA55000E93160 /* PhotoramaUITestsLaunchTests.swift */,
			);
			path = PhotoramaUITests;
			sourceTree = "<group>";
		};
/* End PBXGroup section */

/* Begin PBXNativeTarget section */
		E21BEA292B0BA54A00E93160 /* Photorama */ = {
			isa = PBXNativeTarget;
			buildConfigurationList = E21BEA542B0BA55000E93160 /* Build configuration list for PBXNativeTarget "Photorama" */;
			buildPhases = (
				E21BEA262B0BA54A00E93160 /* Sources */,
				E21BEA272B0BA54A00E93160 /* Frameworks */,
				E21BEA282B0BA54A00E93160 /* Resources */,
			);
			buildRules = (
			);
			dependencies = (
			);
			name = Photorama;
			productName = Photorama;
			productReference = E21BEA2A2B0BA54A00E93160 /* Photorama.app */;
			productType = "com.apple.product-type.application";
		};
		E21BEA3F2B0BA55000E93160 /* PhotoramaTests */ = {
			isa = PBXNativeTarget;
			buildConfigurationList = E21BEA572B0BA55000E93160 /* Build configuration list for PBXNativeTarget "PhotoramaTests" */;
			buildPhases = (
				E21BEA3C2B0BA55000E93160 /* Sources */,
				E21BEA3D2B0BA55000E93160 /* Frameworks */,
				E21BEA3E2B0BA55000E93160 /* Resources */,
			);
			buildRules = (
			);
			dependencies = (
				E21BEA422B0BA55000E93160 /* PBXTargetDependency */,
			);
			name = PhotoramaTests;
			productName = PhotoramaTests;
			productReference = E21BEA402B0BA55000E93160 /* PhotoramaTests.xctest */;
			productType = "com.apple.product-type.bundle.unit-test";
		};
		E21BEA492B0BA55000E93160 /* PhotoramaUITests */ = {
			isa = PBXNativeTarget;
			buildConfigurationList = E21BEA5A2B0BA55000E93160 /* Build configuration list for PBXNativeTarget "PhotoramaUITests" */;
			buildPhases = (
				E21BEA462B0BA55000E93160 /* Sources */,
				E21BEA472B0BA55000E93160 /* Frameworks */,
				E21BEA482B0BA55000E93160 /* Resources */,
			);
			buildRules = (
			);
			dependencies = (
				E21BEA4C2B0BA55000E93160 /* PBXTargetDependency */,
			);
			name = PhotoramaUITests;
			productName = PhotoramaUITests;
			productReference = E21BEA4A2B0BA55000E93160 /* PhotoramaUITests.xctest */;
			productType = "com.apple.product-type.bundle.ui-testing";
		};
/* End PBXNativeTarget section */

/* Begin PBXProject section */
		E21BEA222B0BA54A00E93160 /* Project object */ = {
			isa = PBXProject;
			attributes = {
				BuildIndependentTargetsInParallel = 1;
				LastSwiftUpdateCheck = 1500;
				LastUpgradeCheck = 1500;
				TargetAttributes = {
					E21BEA292B0BA54A00E93160 = {
						CreatedOnToolsVersion = 15.0.1;
					};
					E21BEA3F2B0BA55000E93160 = {
						CreatedOnToolsVersion = 15.0.1;
						TestTargetID = E21BEA292B0BA54A00E93160;
					};
					E21BEA492B0BA55000E93160 = {
						CreatedOnToolsVersion = 15.0.1;
						TestTargetID = E21BEA292B0BA54A00E93160;
					};
				};
			};
			buildConfigurationList = E21BEA252B0BA54A00E93160 /* Build configuration list for PBXProject "Photorama" */;
			compatibilityVersion = "Xcode 14.0";
			developmentRegion = en;
			hasScannedForEncodings = 0;
			knownRegions = (
				en,
				Base,
			);
			mainGroup = E21BEA212B0BA54A00E93160;
			productRefGroup = E21BEA2B2B0BA54A00E93160 /* Products */;
			projectDirPath = "";
			projectRoot = "";
			targets = (
				E21BEA292B0BA54A00E93160 /* Photorama */,
				E21BEA3F2B0BA55000E93160 /* PhotoramaTests */,
				E21BEA492B0BA55000E93160 /* PhotoramaUITests */,
			);
		};
/* End PBXProject section */

/* Begin PBXResourcesBuildPhase section */
		E21BEA282B0BA54A00E93160 /* Resources */ = {
			isa = PBXResourcesBuildPhase;
			buildActionMask = 2147483647;
			files = (
				E21BEA3A2B0BA54F00E93160 /* LaunchScreen.storyboard in Resources */,
				E21BEA372B0BA54F00E93160 /* Assets.xcassets in Resources */,
				E21BEA352B0BA54B00E93160 /* Main.storyboard in Resources */,
			);
			runOnlyForDeploymentPostprocessing = 0;
		};
		E21BEA3E2B0BA55000E93160 /* Resources */ = {
			isa = PBXResourcesBuildPhase;
			buildActionMask = 2147483647;
			files = (
			);
			runOnlyForDeploymentPostprocessing = 0;
		};
		E21BEA482B0BA55000E93160 /* Resources */ = {
			isa = PBXResourcesBuildPhase;
			buildActionMask = 2147483647;
			files = (
			);
			runOnlyForDeploymentPostprocessing = 0;
		};
/* End PBXResourcesBuildPhase section */

/* Begin PBXSourcesBuildPhase section */
		E21BEA262B0BA54A00E93160 /* Sources */ = {
			isa = PBXSourcesBuildPhase;
			buildActionMask = 2147483647;
			files = (
				E289043A2B0C9E4500CC59FB /* Photo.swift in Sources */,
				E28904382B0C8C5100CC59FB /* PhotoStore.swift in Sources */,
				E28904342B0C822E00CC59FB /* PhotosViewController.swift in Sources */,
				E21BEA2E2B0BA54A00E93160 /* AppDelegate.swift in Sources */,
				E21BEA302B0BA54A00E93160 /* SceneDelegate.swift in Sources */,
				E28904362B0C84AA00CC59FB /* FlickrAPI.swift in Sources */,
			);
			runOnlyForDeploymentPostprocessing = 0;
		};
		E21BEA3C2B0BA55000E93160 /* Sources */ = {
			isa = PBXSourcesBuildPhase;
			buildActionMask = 2147483647;
			files = (
				E21BEA452B0BA55000E93160 /* PhotoramaTests.swift in Sources */,
			);
			runOnlyForDeploymentPostprocessing = 0;
		};
		E21BEA462B0BA55000E93160 /* Sources */ = {
			isa = PBXSourcesBuildPhase;
			buildActionMask = 2147483647;
			files = (
				E21BEA512B0BA55000E93160 /* PhotoramaUITestsLaunchTests.swift in Sources */,
				E21BEA4F2B0BA55000E93160 /* PhotoramaUITests.swift in Sources */,
			);
			runOnlyForDeploymentPostprocessing = 0;
		};
/* End PBXSourcesBuildPhase section */

/* Begin PBXTargetDependency section */
		E21BEA422B0BA55000E93160 /* PBXTargetDependency */ = {
			isa = PBXTargetDependency;
			target = E21BEA292B0BA54A00E93160 /* Photorama */;
			targetProxy = E21BEA412B0BA55000E93160 /* PBXContainerItemProxy */;
		};
		E21BEA4C2B0BA55000E93160 /* PBXTargetDependency */ = {
			isa = PBXTargetDependency;
			target = E21BEA292B0BA54A00E93160 /* Photorama */;
			targetProxy = E21BEA4B2B0BA55000E93160 /* PBXContainerItemProxy */;
		};
/* End PBXTargetDependency section */

/* Begin PBXVariantGroup section */
		E21BEA332B0BA54B00E93160 /* Main.storyboard */ = {
			isa = PBXVariantGroup;
			children = (
				E21BEA342B0BA54B00E93160 /* Base */,
			);
			name = Main.storyboard;
			sourceTree = "<group>";
		};
		E21BEA382B0BA54F00E93160 /* LaunchScreen.storyboard */ = {
			isa = PBXVariantGroup;
			children = (
				E21BEA392B0BA54F00E93160 /* Base */,
			);
			name = LaunchScreen.storyboard;
			sourceTree = "<group>";
		};
/* End PBXVariantGroup section */

/* Begin XCBuildConfiguration section */
		E21BEA522B0BA55000E93160 /* Debug */ = {
			isa = XCBuildConfiguration;
			buildSettings = {
				ALWAYS_SEARCH_USER_PATHS = NO;
				ASSETCATALOG_COMPILER_GENERATE_SWIFT_ASSET_SYMBOL_EXTENSIONS = YES;
				CLANG_ANALYZER_NONNULL = YES;
				CLANG_ANALYZER_NUMBER_OBJECT_CONVERSION = YES_AGGRESSIVE;
				CLANG_CXX_LANGUAGE_STANDARD = "gnu++20";
				CLANG_ENABLE_MODULES = YES;
				CLANG_ENABLE_OBJC_ARC = YES;
				CLANG_ENABLE_OBJC_WEAK = YES;
				CLANG_WARN_BLOCK_CAPTURE_AUTORELEASING = YES;
				CLANG_WARN_BOOL_CONVERSION = YES;
				CLANG_WARN_COMMA = YES;
				CLANG_WARN_CONSTANT_CONVERSION = YES;
				CLANG_WARN_DEPRECATED_OBJC_IMPLEMENTATIONS = YES;
				CLANG_WARN_DIRECT_OBJC_ISA_USAGE = YES_ERROR;
				CLANG_WARN_DOCUMENTATION_COMMENTS = YES;
				CLANG_WARN_EMPTY_BODY = YES;
				CLANG_WARN_ENUM_CONVERSION = YES;
				CLANG_WARN_INFINITE_RECURSION = YES;
				CLANG_WARN_INT_CONVERSION = YES;
				CLANG_WARN_NON_LITERAL_NULL_CONVERSION = YES;
				CLANG_WARN_OBJC_IMPLICIT_RETAIN_SELF = YES;
				CLANG_WARN_OBJC_LITERAL_CONVERSION = YES;
				CLANG_WARN_OBJC_ROOT_CLASS = YES_ERROR;
				CLANG_WARN_QUOTED_INCLUDE_IN_FRAMEWORK_HEADER = YES;
				CLANG_WARN_RANGE_LOOP_ANALYSIS = YES;
				CLANG_WARN_STRICT_PROTOTYPES = YES;
				CLANG_WARN_SUSPICIOUS_MOVE = YES;
				CLANG_WARN_UNGUARDED_AVAILABILITY = YES_AGGRESSIVE;
				CLANG_WARN_UNREACHABLE_CODE = YES;
				CLANG_WARN__DUPLICATE_METHOD_MATCH = YES;
				COPY_PHASE_STRIP = NO;
				DEBUG_INFORMATION_FORMAT = dwarf;
				ENABLE_STRICT_OBJC_MSGSEND = YES;
				ENABLE_TESTABILITY = YES;
				ENABLE_USER_SCRIPT_SANDBOXING = YES;
				GCC_C_LANGUAGE_STANDARD = gnu17;
				GCC_DYNAMIC_NO_PIC = NO;
				GCC_NO_COMMON_BLOCKS = YES;
				GCC_OPTIMIZATION_LEVEL = 0;
				GCC_PREPROCESSOR_DEFINITIONS = (
					"DEBUG=1",
					"$(inherited)",
				);
				GCC_WARN_64_TO_32_BIT_CONVERSION = YES;
				GCC_WARN_ABOUT_RETURN_TYPE = YES_ERROR;
				GCC_WARN_UNDECLARED_SELECTOR = YES;
				GCC_WARN_UNINITIALIZED_AUTOS = YES_AGGRESSIVE;
				GCC_WARN_UNUSED_FUNCTION = YES;
				GCC_WARN_UNUSED_VARIABLE = YES;
				IPHONEOS_DEPLOYMENT_TARGET = 17.0;
				LOCALIZATION_PREFERS_STRING_CATALOGS = YES;
				MTL_ENABLE_DEBUG_INFO = INCLUDE_SOURCE;
				MTL_FAST_MATH = YES;
				ONLY_ACTIVE_ARCH = YES;
				SDKROOT = iphoneos;
				SWIFT_ACTIVE_COMPILATION_CONDITIONS = "DEBUG $(inherited)";
				SWIFT_OPTIMIZATION_LEVEL = "-Onone";
			};
			name = Debug;
		};
		E21BEA532B0BA55000E93160 /* Release */ = {
			isa = XCBuildConfiguration;
			buildSettings = {
				ALWAYS_SEARCH_USER_PATHS = NO;
				ASSETCATALOG_COMPILER_GENERATE_SWIFT_ASSET_SYMBOL_EXTENSIONS = YES;
				CLANG_ANALYZER_NONNULL = YES;
				CLANG_ANALYZER_NUMBER_OBJECT_CONVERSION = YES_AGGRESSIVE;
				CLANG_CXX_LANGUAGE_STANDARD = "gnu++20";
				CLANG_ENABLE_MODULES = YES;
				CLANG_ENABLE_OBJC_ARC = YES;
				CLANG_ENABLE_OBJC_WEAK = YES;
				CLANG_WARN_BLOCK_CAPTURE_AUTORELEASING = YES;
				CLANG_WARN_BOOL_CONVERSION = YES;
				CLANG_WARN_COMMA = YES;
				CLANG_WARN_CONSTANT_CONVERSION = YES;
				CLANG_WARN_DEPRECATED_OBJC_IMPLEMENTATIONS = YES;
				CLANG_WARN_DIRECT_OBJC_ISA_USAGE = YES_ERROR;
				CLANG_WARN_DOCUMENTATION_COMMENTS = YES;
				CLANG_WARN_EMPTY_BODY = YES;
				CLANG_WARN_ENUM_CONVERSION = YES;
				CLANG_WARN_INFINITE_RECURSION = YES;
				CLANG_WARN_INT_CONVERSION = YES;
				CLANG_WARN_NON_LITERAL_NULL_CONVERSION = YES;
				CLANG_WARN_OBJC_IMPLICIT_RETAIN_SELF = YES;
				CLANG_WARN_OBJC_LITERAL_CONVERSION = YES;
				CLANG_WARN_OBJC_ROOT_CLASS = YES_ERROR;
				CLANG_WARN_QUOTED_INCLUDE_IN_FRAMEWORK_HEADER = YES;
				CLANG_WARN_RANGE_LOOP_ANALYSIS = YES;
				CLANG_WARN_STRICT_PROTOTYPES = YES;
				CLANG_WARN_SUSPICIOUS_MOVE = YES;
				CLANG_WARN_UNGUARDED_AVAILABILITY = YES_AGGRESSIVE;
				CLANG_WARN_UNREACHABLE_CODE = YES;
				CLANG_WARN__DUPLICATE_METHOD_MATCH = YES;
				COPY_PHASE_STRIP = NO;
				DEBUG_INFORMATION_FORMAT = "dwarf-with-dsym";
				ENABLE_NS_ASSERTIONS = NO;
				ENABLE_STRICT_OBJC_MSGSEND = YES;
				ENABLE_USER_SCRIPT_SANDBOXING = YES;
				GCC_C_LANGUAGE_STANDARD = gnu17;
				GCC_NO_COMMON_BLOCKS = YES;
				GCC_WARN_64_TO_32_BIT_CONVERSION = YES;
				GCC_WARN_ABOUT_RETURN_TYPE = YES_ERROR;
				GCC_WARN_UNDECLARED_SELECTOR = YES;
				GCC_WARN_UNINITIALIZED_AUTOS = YES_AGGRESSIVE;
				GCC_WARN_UNUSED_FUNCTION = YES;
				GCC_WARN_UNUSED_VARIABLE = YES;
				IPHONEOS_DEPLOYMENT_TARGET = 17.0;
				LOCALIZATION_PREFERS_STRING_CATALOGS = YES;
				MTL_ENABLE_DEBUG_INFO = NO;
				MTL_FAST_MATH = YES;
				SDKROOT = iphoneos;
				SWIFT_COMPILATION_MODE = wholemodule;
				VALIDATE_PRODUCT = YES;
			};
			name = Release;
		};
		E21BEA552B0BA55000E93160 /* Debug */ = {
			isa = XCBuildConfiguration;
			buildSettings = {
				ASSETCATALOG_COMPILER_APPICON_NAME = AppIcon;
				ASSETCATALOG_COMPILER_GLOBAL_ACCENT_COLOR_NAME = AccentColor;
				CODE_SIGN_STYLE = Automatic;
				CURRENT_PROJECT_VERSION = 1;
				GENERATE_INFOPLIST_FILE = YES;
				INFOPLIST_FILE = Photorama/Info.plist;
				INFOPLIST_KEY_UIApplicationSupportsIndirectInputEvents = YES;
				INFOPLIST_KEY_UILaunchStoryboardName = LaunchScreen;
				INFOPLIST_KEY_UIMainStoryboardFile = Main;
				INFOPLIST_KEY_UISupportedInterfaceOrientations_iPad = "UIInterfaceOrientationPortrait UIInterfaceOrientationPortraitUpsideDown UIInterfaceOrientationLandscapeLeft UIInterfaceOrientationLandscapeRight";
				INFOPLIST_KEY_UISupportedInterfaceOrientations_iPhone = "UIInterfaceOrientationPortrait UIInterfaceOrientationLandscapeLeft UIInterfaceOrientationLandscapeRight";
				IPHONEOS_DEPLOYMENT_TARGET = 13.6;
				LD_RUNPATH_SEARCH_PATHS = (
					"$(inherited)",
					"@executable_path/Frameworks",
				);
				MARKETING_VERSION = 1.0;
				PRODUCT_BUNDLE_IDENTIFIER = myown.Photorama;
				PRODUCT_NAME = "$(TARGET_NAME)";
				SWIFT_EMIT_LOC_STRINGS = YES;
				SWIFT_VERSION = 5.0;
				TARGETED_DEVICE_FAMILY = "1,2";
			};
			name = Debug;
		};
		E21BEA562B0BA55000E93160 /* Release */ = {
			isa = XCBuildConfiguration;
			buildSettings = {
				ASSETCATALOG_COMPILER_APPICON_NAME = AppIcon;
				ASSETCATALOG_COMPILER_GLOBAL_ACCENT_COLOR_NAME = AccentColor;
				CODE_SIGN_STYLE = Automatic;
				CURRENT_PROJECT_VERSION = 1;
				GENERATE_INFOPLIST_FILE = YES;
				INFOPLIST_FILE = Photorama/Info.plist;
				INFOPLIST_KEY_UIApplicationSupportsIndirectInputEvents = YES;
				INFOPLIST_KEY_UILaunchStoryboardName = LaunchScreen;
				INFOPLIST_KEY_UIMainStoryboardFile = Main;
				INFOPLIST_KEY_UISupportedInterfaceOrientations_iPad = "UIInterfaceOrientationPortrait UIInterfaceOrientationPortraitUpsideDown UIInterfaceOrientationLandscapeLeft UIInterfaceOrientationLandscapeRight";
				INFOPLIST_KEY_UISupportedInterfaceOrientations_iPhone = "UIInterfaceOrientationPortrait UIInterfaceOrientationLandscapeLeft UIInterfaceOrientationLandscapeRight";
				IPHONEOS_DEPLOYMENT_TARGET = 13.6;
				LD_RUNPATH_SEARCH_PATHS = (
					"$(inherited)",
					"@executable_path/Frameworks",
				);
				MARKETING_VERSION = 1.0;
				PRODUCT_BUNDLE_IDENTIFIER = myown.Photorama;
				PRODUCT_NAME = "$(TARGET_NAME)";
				SWIFT_EMIT_LOC_STRINGS = YES;
				SWIFT_VERSION = 5.0;
				TARGETED_DEVICE_FAMILY = "1,2";
			};
			name = Release;
		};
		E21BEA582B0BA55000E93160 /* Debug */ = {
			isa = XCBuildConfiguration;
			buildSettings = {
				ALWAYS_EMBED_SWIFT_STANDARD_LIBRARIES = YES;
				BUNDLE_LOADER = "$(TEST_HOST)";
				CODE_SIGN_STYLE = Automatic;
				CURRENT_PROJECT_VERSION = 1;
				GENERATE_INFOPLIST_FILE = YES;
				IPHONEOS_DEPLOYMENT_TARGET = 17.0;
				MARKETING_VERSION = 1.0;
				PRODUCT_BUNDLE_IDENTIFIER = myown.PhotoramaTests;
				PRODUCT_NAME = "$(TARGET_NAME)";
				SWIFT_EMIT_LOC_STRINGS = NO;
				SWIFT_VERSION = 5.0;
				TARGETED_DEVICE_FAMILY = "1,2";
				TEST_HOST = "$(BUILT_PRODUCTS_DIR)/Photorama.app/$(BUNDLE_EXECUTABLE_FOLDER_PATH)/Photorama";
			};
			name = Debug;
		};
		E21BEA592B0BA55000E93160 /* Release */ = {
			isa = XCBuildConfiguration;
			buildSettings = {
				ALWAYS_EMBED_SWIFT_STANDARD_LIBRARIES = YES;
				BUNDLE_LOADER = "$(TEST_HOST)";
				CODE_SIGN_STYLE = Automatic;
				CURRENT_PROJECT_VERSION = 1;
				GENERATE_INFOPLIST_FILE = YES;
				IPHONEOS_DEPLOYMENT_TARGET = 17.0;
				MARKETING_VERSION = 1.0;
				PRODUCT_BUNDLE_IDENTIFIER = myown.PhotoramaTests;
				PRODUCT_NAME = "$(TARGET_NAME)";
				SWIFT_EMIT_LOC_STRINGS = NO;
				SWIFT_VERSION = 5.0;
				TARGETED_DEVICE_FAMILY = "1,2";
				TEST_HOST = "$(BUILT_PRODUCTS_DIR)/Photorama.app/$(BUNDLE_EXECUTABLE_FOLDER_PATH)/Photorama";
			};
			name = Release;
		};
		E21BEA5B2B0BA55000E93160 /* Debug */ = {
			isa = XCBuildConfiguration;
			buildSettings = {
				ALWAYS_EMBED_SWIFT_STANDARD_LIBRARIES = YES;
				CODE_SIGN_STYLE = Automatic;
				CURRENT_PROJECT_VERSION = 1;
				GENERATE_INFOPLIST_FILE = YES;
				MARKETING_VERSION = 1.0;
				PRODUCT_BUNDLE_IDENTIFIER = myown.PhotoramaUITests;
				PRODUCT_NAME = "$(TARGET_NAME)";
				SWIFT_EMIT_LOC_STRINGS = NO;
				SWIFT_VERSION = 5.0;
				TARGETED_DEVICE_FAMILY = "1,2";
				TEST_TARGET_NAME = Photorama;
			};
			name = Debug;
		};
		E21BEA5C2B0BA55000E93160 /* Release */ = {
			isa = XCBuildConfiguration;
			buildSettings = {
				ALWAYS_EMBED_SWIFT_STANDARD_LIBRARIES = YES;
				CODE_SIGN_STYLE = Automatic;
				CURRENT_PROJECT_VERSION = 1;
				GENERATE_INFOPLIST_FILE = YES;
				MARKETING_VERSION = 1.0;
				PRODUCT_BUNDLE_IDENTIFIER = myown.PhotoramaUITests;
				PRODUCT_NAME = "$(TARGET_NAME)";
				SWIFT_EMIT_LOC_STRINGS = NO;
				SWIFT_VERSION = 5.0;
				TARGETED_DEVICE_FAMILY = "1,2";
				TEST_TARGET_NAME = Photorama;
			};
			name = Release;
		};
/* End XCBuildConfiguration section */

/* Begin XCConfigurationList section */
		E21BEA252B0BA54A00E93160 /* Build configuration list for PBXProject "Photorama" */ = {
			isa = XCConfigurationList;
			buildConfigurations = (
				E21BEA522B0BA55000E93160 /* Debug */,
				E21BEA532B0BA55000E93160 /* Release */,
			);
			defaultConfigurationIsVisible = 0;
			defaultConfigurationName = Release;
		};
		E21BEA542B0BA55000E93160 /* Build configuration list for PBXNativeTarget "Photorama" */ = {
			isa = XCConfigurationList;
			buildConfigurations = (
				E21BEA552B0BA55000E93160 /* Debug */,
				E21BEA562B0BA55000E93160 /* Release */,
			);
			defaultConfigurationIsVisible = 0;
			defaultConfigurationName = Release;
		};
		E21BEA572B0BA55000E93160 /* Build configuration list for PBXNativeTarget "PhotoramaTests" */ = {
			isa = XCConfigurationList;
			buildConfigurations = (
				E21BEA582B0BA55000E93160 /* Debug */,
				E21BEA592B0BA55000E93160 /* Release */,
			);
			defaultConfigurationIsVisible = 0;
			defaultConfigurationName = Release;
		};
		E21BEA5A2B0BA55000E93160 /* Build configuration list for PBXNativeTarget "PhotoramaUITests" */ = {
			isa = XCConfigurationList;
			buildConfigurations = (
				E21BEA5B2B0BA55000E93160 /* Debug */,
				E21BEA5C2B0BA55000E93160 /* Release */,
			);
			defaultConfigurationIsVisible = 0;
			defaultConfigurationName = Release;
		};
/* End XCConfigurationList section */
	};
	rootObject = E21BEA222B0BA54A00E93160 /* Project object */;
}
